
Microsoft Visual Studio Solution File, Format Version 12.00
# Visual Studio Version 17
VisualStudioVersion = 17.7.34031.279
MinimumVisualStudioVersion = 10.0.40219.1
Project("{FAE04EC0-301F-11D3-BF4B-00C04F79EFBC}") = "ApiRestBilling", "ApiRestBilling\ApiRestBilling.csproj", "{DAB8620D-AC80-49EC-9F94-29618C519B8A}"
EndProject
Global
	GlobalSection(SolutionConfigurationPlatforms) = preSolution
		Debug|Any CPU = Debug|Any CPU
		Release|Any CPU = Release|Any CPU
	EndGlobalSection
	GlobalSection(ProjectConfigurationPlatforms) = postSolution
		{DAB8620D-AC80-49EC-9F94-29618C519B8A}.Debug|Any CPU.ActiveCfg = Debug|Any CPU
		{DAB8620D-AC80-49EC-9F94-29618C519B8A}.Debug|Any CPU.Build.0 = Debug|Any CPU
		{DAB8620D-AC80-49EC-9F94-29618C519B8A}.Release|Any CPU.ActiveCfg = Release|Any CPU
		{DAB8620D-AC80-49EC-9F94-29618C519B8A}.Release|Any CPU.Build.0 = Release|Any CPU
	EndGlobalSection
	GlobalSection(SolutionProperties) = preSolution
		HideSolutionNode = FALSE
	EndGlobalSection
	GlobalSection(ExtensibilityGlobals) = postSolution
		SolutionGuid = {58685F42-755A-4865-8E1F-5EC66427BCAF}
	EndGlobalSection
EndGlobal
